// !$*UTF8*$!
{
	archiveVersion = 1;
	classes = {
	};
	objectVersion = 51;
	objects = {

/* Begin PBXBuildFile section */
		2D08750523F330F4003CD419 /* AppDelegate.swift in Sources */ = {isa = PBXBuildFile; fileRef = 2D08750423F330F4003CD419 /* AppDelegate.swift */; };
		2D08750723F330F4003CD419 /* SceneDelegate.swift in Sources */ = {isa = PBXBuildFile; fileRef = 2D08750623F330F4003CD419 /* SceneDelegate.swift */; };
		2D08750923F330F4003CD419 /* ViewController.swift in Sources */ = {isa = PBXBuildFile; fileRef = 2D08750823F330F4003CD419 /* ViewController.swift */; };
		2D08750C23F330F4003CD419 /* Main.storyboard in Resources */ = {isa = PBXBuildFile; fileRef = 2D08750A23F330F4003CD419 /* Main.storyboard */; };
		2D08750E23F330F5003CD419 /* Assets.xcassets in Resources */ = {isa = PBXBuildFile; fileRef = 2D08750D23F330F5003CD419 /* Assets.xcassets */; };
		2D08751123F330F5003CD419 /* LaunchScreen.storyboard in Resources */ = {isa = PBXBuildFile; fileRef = 2D08750F23F330F5003CD419 /* LaunchScreen.storyboard */; };
		2D7840F223F3349800A52B6A /* SkeletonViewController.swift in Sources */ = {isa = PBXBuildFile; fileRef = 2D7840F123F3349800A52B6A /* SkeletonViewController.swift */; };
		5C579E40D573C34FAEA25C04 /* Pods_TestSkeletonView.framework in Frameworks */ = {isa = PBXBuildFile; fileRef = 5C40FE04A5275C7D09D18AEC /* Pods_TestSkeletonView.framework */; };
/* End PBXBuildFile section */

/* Begin PBXFileReference section */
		2D08750123F330F4003CD419 /* TestSkeletonView.app */ = {isa = PBXFileReference; explicitFileType = wrapper.application; includeInIndex = 0; path = TestSkeletonView.app; sourceTree = BUILT_PRODUCTS_DIR; };
		2D08750423F330F4003CD419 /* AppDelegate.swift */ = {isa = PBXFileReference; lastKnownFileType = sourcecode.swift; path = AppDelegate.swift; sourceTree = "<group>"; };
		2D08750623F330F4003CD419 /* SceneDelegate.swift */ = {isa = PBXFileReference; lastKnownFileType = sourcecode.swift; path = SceneDelegate.swift; sourceTree = "<group>"; };
		2D08750823F330F4003CD419 /* ViewController.swift */ = {isa = PBXFileReference; lastKnownFileType = sourcecode.swift; path = ViewController.swift; sourceTree = "<group>"; };
		2D08750B23F330F4003CD419 /* Base */ = {isa = PBXFileReference; lastKnownFileType = file.storyboard; name = Base; path = Base.lproj/Main.storyboard; sourceTree = "<group>"; };
		2D08750D23F330F5003CD419 /* Assets.xcassets */ = {isa = PBXFileReference; lastKnownFileType = folder.assetcatalog; path = Assets.xcassets; sourceTree = "<group>"; };
		2D08751023F330F5003CD419 /* Base */ = {isa = PBXFileReference; lastKnownFileType = file.storyboard; name = Base; path = Base.lproj/LaunchScreen.storyboard; sourceTree = "<group>"; };
		2D08751223F330F5003CD419 /* Info.plist */ = {isa = PBXFileReference; lastKnownFileType = text.plist.xml; path = Info.plist; sourceTree = "<group>"; };
		2D7840F123F3349800A52B6A /* SkeletonViewController.swift */ = {isa = PBXFileReference; lastKnownFileType = sourcecode.swift; path = SkeletonViewController.swift; sourceTree = "<group>"; };
		5C40FE04A5275C7D09D18AEC /* Pods_TestSkeletonView.framework */ = {isa = PBXFileReference; explicitFileType = wrapper.framework; includeInIndex = 0; path = Pods_TestSkeletonView.framework; sourceTree = BUILT_PRODUCTS_DIR; };
		977E8CCF9A31663BCBF26548 /* Pods-TestSkeletonView.debug.xcconfig */ = {isa = PBXFileReference; includeInIndex = 1; lastKnownFileType = text.xcconfig; name = "Pods-TestSkeletonView.debug.xcconfig"; path = "Target Support Files/Pods-TestSkeletonView/Pods-TestSkeletonView.debug.xcconfig"; sourceTree = "<group>"; };
		AD71CFBDD2CBD0577C64D52F /* Pods-TestSkeletonView.release.xcconfig */ = {isa = PBXFileReference; includeInIndex = 1; lastKnownFileType = text.xcconfig; name = "Pods-TestSkeletonView.release.xcconfig"; path = "Target Support Files/Pods-TestSkeletonView/Pods-TestSkeletonView.release.xcconfig"; sourceTree = "<group>"; };
/* End PBXFileReference section */

/* Begin PBXFrameworksBuildPhase section */
		2D0874FE23F330F4003CD419 /* Frameworks */ = {
			isa = PBXFrameworksBuildPhase;
			buildActionMask = 2147483647;
			files = (
				5C579E40D573C34FAEA25C04 /* Pods_TestSkeletonView.framework in Frameworks */,
			);
			runOnlyForDeploymentPostprocessing = 0;
		};
/* End PBXFrameworksBuildPhase section */

/* Begin PBXGroup section */
		2D0874F823F330F4003CD419 = {
			isa = PBXGroup;
			children = (
				2D08750323F330F4003CD419 /* TestSkeletonView */,
				2D08750223F330F4003CD419 /* Products */,
				599F60AE19AA3FCE2B124996 /* Pods */,
				763D8AF84903844C2C61F880 /* Frameworks */,
			);
			sourceTree = "<group>";
		};
		2D08750223F330F4003CD419 /* Products */ = {
			isa = PBXGroup;
			children = (
				2D08750123F330F4003CD419 /* TestSkeletonView.app */,
			);
			name = Products;
			sourceTree = "<group>";
		};
		2D08750323F330F4003CD419 /* TestSkeletonView */ = {
			isa = PBXGroup;
			children = (
				2D08750423F330F4003CD419 /* AppDelegate.swift */,
				2D08750623F330F4003CD419 /* SceneDelegate.swift */,
				2D7840F123F3349800A52B6A /* SkeletonViewController.swift */,
				2D08750823F330F4003CD419 /* ViewController.swift */,
				2D08750A23F330F4003CD419 /* Main.storyboard */,
				2D08750D23F330F5003CD419 /* Assets.xcassets */,
				2D08750F23F330F5003CD419 /* LaunchScreen.storyboard */,
				2D08751223F330F5003CD419 /* Info.plist */,
			);
			path = TestSkeletonView;
			sourceTree = "<group>";
		};
		599F60AE19AA3FCE2B124996 /* Pods */ = {
			isa = PBXGroup;
			children = (
				977E8CCF9A31663BCBF26548 /* Pods-TestSkeletonView.debug.xcconfig */,
				AD71CFBDD2CBD0577C64D52F /* Pods-TestSkeletonView.release.xcconfig */,
			);
			path = Pods;
			sourceTree = "<group>";
		};
		763D8AF84903844C2C61F880 /* Frameworks */ = {
			isa = PBXGroup;
			children = (
				5C40FE04A5275C7D09D18AEC /* Pods_TestSkeletonView.framework */,
			);
			name = Frameworks;
			sourceTree = "<group>";
		};
/* End PBXGroup section */

/* Begin PBXNativeTarget section */
		2D08750023F330F4003CD419 /* TestSkeletonView */ = {
			isa = PBXNativeTarget;
			buildConfigurationList = 2D08751523F330F5003CD419 /* Build configuration list for PBXNativeTarget "TestSkeletonView" */;
			buildPhases = (
				B5052404B39B29A8F7332A1C /* [CP] Check Pods Manifest.lock */,
				2D0874FD23F330F4003CD419 /* Sources */,
				2D0874FE23F330F4003CD419 /* Frameworks */,
				2D0874FF23F330F4003CD419 /* Resources */,
				28E01877198F2846755778C5 /* [CP] Embed Pods Frameworks */,
			);
			buildRules = (
			);
			dependencies = (
			);
			name = TestSkeletonView;
			productName = TestSkeletonView;
			productReference = 2D08750123F330F4003CD419 /* TestSkeletonView.app */;
			productType = "com.apple.product-type.application";
		};
/* End PBXNativeTarget section */

/* Begin PBXProject section */
		2D0874F923F330F4003CD419 /* Project object */ = {
			isa = PBXProject;
			attributes = {
				LastSwiftUpdateCheck = 1130;
				LastUpgradeCheck = 1130;
				ORGANIZATIONNAME = "Oscar Manzelli";
				TargetAttributes = {
					2D08750023F330F4003CD419 = {
						CreatedOnToolsVersion = 11.3.1;
					};
				};
			};
			buildConfigurationList = 2D0874FC23F330F4003CD419 /* Build configuration list for PBXProject "TestSkeletonView" */;
			compatibilityVersion = "Xcode 9.3";
			developmentRegion = en;
			hasScannedForEncodings = 0;
			knownRegions = (
				en,
				Base,
			);
			mainGroup = 2D0874F823F330F4003CD419;
			productRefGroup = 2D08750223F330F4003CD419 /* Products */;
			projectDirPath = "";
			projectRoot = "";
			targets = (
				2D08750023F330F4003CD419 /* TestSkeletonView */,
			);
		};
/* End PBXProject section */

/* Begin PBXResourcesBuildPhase section */
		2D0874FF23F330F4003CD419 /* Resources */ = {
			isa = PBXResourcesBuildPhase;
			buildActionMask = 2147483647;
			files = (
				2D08751123F330F5003CD419 /* LaunchScreen.storyboard in Resources */,
				2D08750E23F330F5003CD419 /* Assets.xcassets in Resources */,
				2D08750C23F330F4003CD419 /* Main.storyboard in Resources */,
			);
			runOnlyForDeploymentPostprocessing = 0;
		};
/* End PBXResourcesBuildPhase section */

/* Begin PBXShellScriptBuildPhase section */
		28E01877198F2846755778C5 /* [CP] Embed Pods Frameworks */ = {
			isa = PBXShellScriptBuildPhase;
			buildActionMask = 2147483647;
			files = (
			);
			inputFileListPaths = (
				"${PODS_ROOT}/Target Support Files/Pods-TestSkeletonView/Pods-TestSkeletonView-frameworks-${CONFIGURATION}-input-files.xcfilelist",
			);
			name = "[CP] Embed Pods Frameworks";
			outputFileListPaths = (
				"${PODS_ROOT}/Target Support Files/Pods-TestSkeletonView/Pods-TestSkeletonView-frameworks-${CONFIGURATION}-output-files.xcfilelist",
			);
			runOnlyForDeploymentPostprocessing = 0;
			shellPath = /bin/sh;
			shellScript = "\"${PODS_ROOT}/Target Support Files/Pods-TestSkeletonView/Pods-TestSkeletonView-frameworks.sh\"\n";
			showEnvVarsInLog = 0;
		};
		B5052404B39B29A8F7332A1C /* [CP] Check Pods Manifest.lock */ = {
			isa = PBXShellScriptBuildPhase;
			buildActionMask = 2147483647;
			files = (
			);
			inputFileListPaths = (
			);
			inputPaths = (
				"${PODS_PODFILE_DIR_PATH}/Podfile.lock",
				"${PODS_ROOT}/Manifest.lock",
			);
			name = "[CP] Check Pods Manifest.lock";
			outputFileListPaths = (
			);
			outputPaths = (
				"$(DERIVED_FILE_DIR)/Pods-TestSkeletonView-checkManifestLockResult.txt",
			);
			runOnlyForDeploymentPostprocessing = 0;
			shellPath = /bin/sh;
			shellScript = "diff \"${PODS_PODFILE_DIR_PATH}/Podfile.lock\" \"${PODS_ROOT}/Manifest.lock\" > /dev/null\nif [ $? != 0 ] ; then\n    # print error to STDERR\n    echo \"error: The sandbox is not in sync with the Podfile.lock. Run 'pod install' or update your CocoaPods installation.\" >&2\n    exit 1\nfi\n# This output is used by Xcode 'outputs' to avoid re-running this script phase.\necho \"SUCCESS\" > \"${SCRIPT_OUTPUT_FILE_0}\"\n";
			showEnvVarsInLog = 0;
		};
/* End PBXShellScriptBuildPhase section */

/* Begin PBXSourcesBuildPhase section */
		2D0874FD23F330F4003CD419 /* Sources */ = {
			isa = PBXSourcesBuildPhase;
			buildActionMask = 2147483647;
			files = (
				2D08750923F330F4003CD419 /* ViewController.swift in Sources */,
				2D08750523F330F4003CD419 /* AppDelegate.swift in Sources */,
				2D08750723F330F4003CD419 /* SceneDelegate.swift in Sources */,
				2D7840F223F3349800A52B6A /* SkeletonViewController.swift in Sources */,
			);
			runOnlyForDeploymentPostprocessing = 0;
		};
/* End PBXSourcesBuildPhase section */

/* Begin PBXVariantGroup section */
		2D08750A23F330F4003CD419 /* Main.storyboard */ = {
			isa = PBXVariantGroup;
			children = (
				2D08750B23F330F4003CD419 /* Base */,
			);
			name = Main.storyboard;
			sourceTree = "<group>";
		};
		2D08750F23F330F5003CD419 /* LaunchScreen.storyboard */ = {
			isa = PBXVariantGroup;
			children = (
				2D08751023F330F5003CD419 /* Base */,
			);
			name = LaunchScreen.storyboard;
			sourceTree = "<group>";
		};
/* End PBXVariantGroup section */

/* Begin XCBuildConfiguration section */
		2D08751323F330F5003CD419 /* Debug */ = {
			isa = XCBuildConfiguration;
			buildSettings = {
				ALWAYS_SEARCH_USER_PATHS = NO;
				CLANG_ANALYZER_NONNULL = YES;
				CLANG_ANALYZER_NUMBER_OBJECT_CONVERSION = YES_AGGRESSIVE;
				CLANG_CXX_LANGUAGE_STANDARD = "gnu++14";
				CLANG_CXX_LIBRARY = "libc++";
				CLANG_ENABLE_MODULES = YES;
				CLANG_ENABLE_OBJC_ARC = YES;
				CLANG_ENABLE_OBJC_WEAK = YES;
				CLANG_WARN_BLOCK_CAPTURE_AUTORELEASING = YES;
				CLANG_WARN_BOOL_CONVERSION = YES;
				CLANG_WARN_COMMA = YES;
				CLANG_WARN_CONSTANT_CONVERSION = YES;
				CLANG_WARN_DEPRECATED_OBJC_IMPLEMENTATIONS = YES;
				CLANG_WARN_DIRECT_OBJC_ISA_USAGE = YES_ERROR;
				CLANG_WARN_DOCUMENTATION_COMMENTS = YES;
				CLANG_WARN_EMPTY_BODY = YES;
				CLANG_WARN_ENUM_CONVERSION = YES;
				CLANG_WARN_INFINITE_RECURSION = YES;
				CLANG_WARN_INT_CONVERSION = YES;
				CLANG_WARN_NON_LITERAL_NULL_CONVERSION = YES;
				CLANG_WARN_OBJC_IMPLICIT_RETAIN_SELF = YES;
				CLANG_WARN_OBJC_LITERAL_CONVERSION = YES;
				CLANG_WARN_OBJC_ROOT_CLASS = YES_ERROR;
				CLANG_WARN_RANGE_LOOP_ANALYSIS = YES;
				CLANG_WARN_STRICT_PROTOTYPES = YES;
				CLANG_WARN_SUSPICIOUS_MOVE = YES;
				CLANG_WARN_UNGUARDED_AVAILABILITY = YES_AGGRESSIVE;
				CLANG_WARN_UNREACHABLE_CODE = YES;
				CLANG_WARN__DUPLICATE_METHOD_MATCH = YES;
				COPY_PHASE_STRIP = NO;
				DEBUG_INFORMATION_FORMAT = dwarf;
				ENABLE_STRICT_OBJC_MSGSEND = YES;
				ENABLE_TESTABILITY = YES;
				GCC_C_LANGUAGE_STANDARD = gnu11;
				GCC_DYNAMIC_NO_PIC = NO;
				GCC_NO_COMMON_BLOCKS = YES;
				GCC_OPTIMIZATION_LEVEL = 0;
				GCC_PREPROCESSOR_DEFINITIONS = (
					"DEBUG=1",
					"$(inherited)",
				);
				GCC_WARN_64_TO_32_BIT_CONVERSION = YES;
				GCC_WARN_ABOUT_RETURN_TYPE = YES_ERROR;
				GCC_WARN_UNDECLARED_SELECTOR = YES;
				GCC_WARN_UNINITIALIZED_AUTOS = YES_AGGRESSIVE;
				GCC_WARN_UNUSED_FUNCTION = YES;
				GCC_WARN_UNUSED_VARIABLE = YES;
				IPHONEOS_DEPLOYMENT_TARGET = 13.2;
				MTL_ENABLE_DEBUG_INFO = INCLUDE_SOURCE;
				MTL_FAST_MATH = YES;
				ONLY_ACTIVE_ARCH = YES;
				SDKROOT = iphoneos;
				SWIFT_ACTIVE_COMPILATION_CONDITIONS = DEBUG;
				SWIFT_OPTIMIZATION_LEVEL = "-Onone";
			};
			name = Debug;
		};
		2D08751423F330F5003CD419 /* Release */ = {
			isa = XCBuildConfiguration;
			buildSettings = {
				ALWAYS_SEARCH_USER_PATHS = NO;
				CLANG_ANALYZER_NONNULL = YES;
				CLANG_ANALYZER_NUMBER_OBJECT_CONVERSION = YES_AGGRESSIVE;
				CLANG_CXX_LANGUAGE_STANDARD = "gnu++14";
				CLANG_CXX_LIBRARY = "libc++";
				CLANG_ENABLE_MODULES = YES;
				CLANG_ENABLE_OBJC_ARC = YES;
				CLANG_ENABLE_OBJC_WEAK = YES;
				CLANG_WARN_BLOCK_CAPTURE_AUTORELEASING = YES;
				CLANG_WARN_BOOL_CONVERSION = YES;
				CLANG_WARN_COMMA = YES;
				CLANG_WARN_CONSTANT_CONVERSION = YES;
				CLANG_WARN_DEPRECATED_OBJC_IMPLEMENTATIONS = YES;
				CLANG_WARN_DIRECT_OBJC_ISA_USAGE = YES_ERROR;
				CLANG_WARN_DOCUMENTATION_COMMENTS = YES;
				CLANG_WARN_EMPTY_BODY = YES;
				CLANG_WARN_ENUM_CONVERSION = YES;
				CLANG_WARN_INFINITE_RECURSION = YES;
				CLANG_WARN_INT_CONVERSION = YES;
				CLANG_WARN_NON_LITERAL_NULL_CONVERSION = YES;
				CLANG_WARN_OBJC_IMPLICIT_RETAIN_SELF = YES;
				CLANG_WARN_OBJC_LITERAL_CONVERSION = YES;
				CLANG_WARN_OBJC_ROOT_CLASS = YES_ERROR;
				CLANG_WARN_RANGE_LOOP_ANALYSIS = YES;
				CLANG_WARN_STRICT_PROTOTYPES = YES;
				CLANG_WARN_SUSPICIOUS_MOVE = YES;
				CLANG_WARN_UNGUARDED_AVAILABILITY = YES_AGGRESSIVE;
				CLANG_WARN_UNREACHABLE_CODE = YES;
				CLANG_WARN__DUPLICATE_METHOD_MATCH = YES;
				COPY_PHASE_STRIP = NO;
				DEBUG_INFORMATION_FORMAT = "dwarf-with-dsym";
				ENABLE_NS_ASSERTIONS = NO;
				ENABLE_STRICT_OBJC_MSGSEND = YES;
				GCC_C_LANGUAGE_STANDARD = gnu11;
				GCC_NO_COMMON_BLOCKS = YES;
				GCC_WARN_64_TO_32_BIT_CONVERSION = YES;
				GCC_WARN_ABOUT_RETURN_TYPE = YES_ERROR;
				GCC_WARN_UNDECLARED_SELECTOR = YES;
				GCC_WARN_UNINITIALIZED_AUTOS = YES_AGGRESSIVE;
				GCC_WARN_UNUSED_FUNCTION = YES;
				GCC_WARN_UNUSED_VARIABLE = YES;
				IPHONEOS_DEPLOYMENT_TARGET = 13.2;
				MTL_ENABLE_DEBUG_INFO = NO;
				MTL_FAST_MATH = YES;
				SDKROOT = iphoneos;
				SWIFT_COMPILATION_MODE = wholemodule;
				SWIFT_OPTIMIZATION_LEVEL = "-O";
				VALIDATE_PRODUCT = YES;
			};
			name = Release;
		};
		2D08751623F330F5003CD419 /* Debug */ = {
			isa = XCBuildConfiguration;
			baseConfigurationReference = 977E8CCF9A31663BCBF26548 /* Pods-TestSkeletonView.debug.xcconfig */;
			buildSettings = {
				ASSETCATALOG_COMPILER_APPICON_NAME = AppIcon;
				CODE_SIGN_STYLE = Automatic;
				DEVELOPMENT_TEAM = GC7H5URU2Y;
				INFOPLIST_FILE = TestSkeletonView/Info.plist;
				LD_RUNPATH_SEARCH_PATHS = (
					"$(inherited)",
					"@executable_path/Frameworks",
				);
				PRODUCT_BUNDLE_IDENTIFIER = com.spotcracy.TestSkeletonView;
				PRODUCT_NAME = "$(TARGET_NAME)";
				SWIFT_VERSION = 5.0;
				TARGETED_DEVICE_FAMILY = "1,2";
			};
			name = Debug;
		};
		2D08751723F330F5003CD419 /* Release */ = {
			isa = XCBuildConfiguration;
			baseConfigurationReference = AD71CFBDD2CBD0577C64D52F /* Pods-TestSkeletonView.release.xcconfig */;
			buildSettings = {
				ASSETCATALOG_COMPILER_APPICON_NAME = AppIcon;
				CODE_SIGN_STYLE = Automatic;
				DEVELOPMENT_TEAM = GC7H5URU2Y;
				INFOPLIST_FILE = TestSkeletonView/Info.plist;
				LD_RUNPATH_SEARCH_PATHS = (
					"$(inherited)",
					"@executable_path/Frameworks",
				);
				PRODUCT_BUNDLE_IDENTIFIER = com.spotcracy.TestSkeletonView;
				PRODUCT_NAME = "$(TARGET_NAME)";
				SWIFT_VERSION = 5.0;
				TARGETED_DEVICE_FAMILY = "1,2";
			};
			name = Release;
		};
/* End XCBuildConfiguration section */

/* Begin XCConfigurationList section */
		2D0874FC23F330F4003CD419 /* Build configuration list for PBXProject "TestSkeletonView" */ = {
			isa = XCConfigurationList;
			buildConfigurations = (
				2D08751323F330F5003CD419 /* Debug */,
				2D08751423F330F5003CD419 /* Release */,
			);
			defaultConfigurationIsVisible = 0;
			defaultConfigurationName = Release;
		};
		2D08751523F330F5003CD419 /* Build configuration list for PBXNativeTarget "TestSkeletonView" */ = {
			isa = XCConfigurationList;
			buildConfigurations = (
				2D08751623F330F5003CD419 /* Debug */,
				2D08751723F330F5003CD419 /* Release */,
			);
			defaultConfigurationIsVisible = 0;
			defaultConfigurationName = Release;
		};
/* End XCConfigurationList section */
	};
	rootObject = 2D0874F923F330F4003CD419 /* Project object */;
}
