PODS:
  - Alamofire (4.9.1)
  - SkeletonView (1.8.5)

DEPENDENCIES:
  - Alamofire (~> 4.9.0)
  - SkeletonView (~> 1.8.4)

SPEC REPOS:
  trunk:
    - Alamofire
    - SkeletonView

SPEC CHECKSUMS:
  Alamofire: 85e8a02c69d6020a0d734f6054870d7ecb75cf18
  SkeletonView: 3a8d8dd241eaa7e7bb3744bc000fed94fcd69823

PODFILE CHECKSUM: ec068d38b82be019b6e446627069ba4a451f9709

COCOAPODS: 1.8.4
